// !$*UTF8*$!
{
	archiveVersion = 1;
	classes = {
	};
	objectVersion = 46;
	objects = {

/* Begin PBXBuildFile section */
		AC77BFE318E66D880003EA8C /* TwitterClient.m in Sources */ = {isa = PBXBuildFile; fileRef = AC77BFE218E66D880003EA8C /* TwitterClient.m */; };
		AC77BFE718E66ED70003EA8C /* LoginViewController.m in Sources */ = {isa = PBXBuildFile; fileRef = AC77BFE518E66ED70003EA8C /* LoginViewController.m */; };
		AC77BFE818E66ED70003EA8C /* LoginViewController.xib in Resources */ = {isa = PBXBuildFile; fileRef = AC77BFE618E66ED70003EA8C /* LoginViewController.xib */; };
		AC8AE26518E523FC003D4B27 /* Foundation.framework in Frameworks */ = {isa = PBXBuildFile; fileRef = AC8AE26418E523FC003D4B27 /* Foundation.framework */; };
		AC8AE26718E523FC003D4B27 /* CoreGraphics.framework in Frameworks */ = {isa = PBXBuildFile; fileRef = AC8AE26618E523FC003D4B27 /* CoreGraphics.framework */; };
		AC8AE26918E523FC003D4B27 /* UIKit.framework in Frameworks */ = {isa = PBXBuildFile; fileRef = AC8AE26818E523FC003D4B27 /* UIKit.framework */; };
		AC8AE26F18E523FC003D4B27 /* InfoPlist.strings in Resources */ = {isa = PBXBuildFile; fileRef = AC8AE26D18E523FC003D4B27 /* InfoPlist.strings */; };
		AC8AE27118E523FC003D4B27 /* main.m in Sources */ = {isa = PBXBuildFile; fileRef = AC8AE27018E523FC003D4B27 /* main.m */; };
		AC8AE27518E523FC003D4B27 /* AppDelegate.m in Sources */ = {isa = PBXBuildFile; fileRef = AC8AE27418E523FC003D4B27 /* AppDelegate.m */; };
		AC8AE27718E523FC003D4B27 /* Images.xcassets in Resources */ = {isa = PBXBuildFile; fileRef = AC8AE27618E523FC003D4B27 /* Images.xcassets */; };
		AC8AE27E18E523FC003D4B27 /* XCTest.framework in Frameworks */ = {isa = PBXBuildFile; fileRef = AC8AE27D18E523FC003D4B27 /* XCTest.framework */; };
		AC8AE27F18E523FC003D4B27 /* Foundation.framework in Frameworks */ = {isa = PBXBuildFile; fileRef = AC8AE26418E523FC003D4B27 /* Foundation.framework */; };
		AC8AE28018E523FC003D4B27 /* UIKit.framework in Frameworks */ = {isa = PBXBuildFile; fileRef = AC8AE26818E523FC003D4B27 /* UIKit.framework */; };
		AC8AE28818E523FC003D4B27 /* InfoPlist.strings in Resources */ = {isa = PBXBuildFile; fileRef = AC8AE28618E523FC003D4B27 /* InfoPlist.strings */; };
		AC8AE28A18E523FC003D4B27 /* blabberTests.m in Sources */ = {isa = PBXBuildFile; fileRef = AC8AE28918E523FC003D4B27 /* blabberTests.m */; };
		EA34BC13095D494F9AEB674D /* libPods.a in Frameworks */ = {isa = PBXBuildFile; fileRef = EF65C2716A344734912636B2 /* libPods.a */; };
/* End PBXBuildFile section */

/* Begin PBXContainerItemProxy section */
		AC8AE28118E523FC003D4B27 /* PBXContainerItemProxy */ = {
			isa = PBXContainerItemProxy;
			containerPortal = AC8AE25918E523FC003D4B27 /* Project object */;
			proxyType = 1;
			remoteGlobalIDString = AC8AE26018E523FC003D4B27;
			remoteInfo = blabber;
		};
/* End PBXContainerItemProxy section */

/* Begin PBXFileReference section */
		7C9D6B4250DE412299BA7AA6 /* Pods.xcconfig */ = {isa = PBXFileReference; includeInIndex = 1; lastKnownFileType = text.xcconfig; name = Pods.xcconfig; path = Pods/Pods.xcconfig; sourceTree = "<group>"; };
		AC77BFE118E66D880003EA8C /* TwitterClient.h */ = {isa = PBXFileReference; fileEncoding = 4; lastKnownFileType = sourcecode.c.h; path = TwitterClient.h; sourceTree = "<group>"; };
		AC77BFE218E66D880003EA8C /* TwitterClient.m */ = {isa = PBXFileReference; fileEncoding = 4; lastKnownFileType = sourcecode.c.objc; path = TwitterClient.m; sourceTree = "<group>"; };
		AC77BFE418E66ED70003EA8C /* LoginViewController.h */ = {isa = PBXFileReference; fileEncoding = 4; lastKnownFileType = sourcecode.c.h; path = LoginViewController.h; sourceTree = "<group>"; };
		AC77BFE518E66ED70003EA8C /* LoginViewController.m */ = {isa = PBXFileReference; fileEncoding = 4; lastKnownFileType = sourcecode.c.objc; path = LoginViewController.m; sourceTree = "<group>"; };
		AC77BFE618E66ED70003EA8C /* LoginViewController.xib */ = {isa = PBXFileReference; fileEncoding = 4; lastKnownFileType = file.xib; path = LoginViewController.xib; sourceTree = "<group>"; };
		AC8AE26118E523FC003D4B27 /* blabber.app */ = {isa = PBXFileReference; explicitFileType = wrapper.application; includeInIndex = 0; path = blabber.app; sourceTree = BUILT_PRODUCTS_DIR; };
		AC8AE26418E523FC003D4B27 /* Foundation.framework */ = {isa = PBXFileReference; lastKnownFileType = wrapper.framework; name = Foundation.framework; path = System/Library/Frameworks/Foundation.framework; sourceTree = SDKROOT; };
		AC8AE26618E523FC003D4B27 /* CoreGraphics.framework */ = {isa = PBXFileReference; lastKnownFileType = wrapper.framework; name = CoreGraphics.framework; path = System/Library/Frameworks/CoreGraphics.framework; sourceTree = SDKROOT; };
		AC8AE26818E523FC003D4B27 /* UIKit.framework */ = {isa = PBXFileReference; lastKnownFileType = wrapper.framework; name = UIKit.framework; path = System/Library/Frameworks/UIKit.framework; sourceTree = SDKROOT; };
		AC8AE26C18E523FC003D4B27 /* blabber-Info.plist */ = {isa = PBXFileReference; lastKnownFileType = text.plist.xml; path = "blabber-Info.plist"; sourceTree = "<group>"; };
		AC8AE26E18E523FC003D4B27 /* en */ = {isa = PBXFileReference; lastKnownFileType = text.plist.strings; name = en; path = en.lproj/InfoPlist.strings; sourceTree = "<group>"; };
		AC8AE27018E523FC003D4B27 /* main.m */ = {isa = PBXFileReference; lastKnownFileType = sourcecode.c.objc; path = main.m; sourceTree = "<group>"; };
		AC8AE27218E523FC003D4B27 /* blabber-Prefix.pch */ = {isa = PBXFileReference; lastKnownFileType = sourcecode.c.h; path = "blabber-Prefix.pch"; sourceTree = "<group>"; };
		AC8AE27318E523FC003D4B27 /* AppDelegate.h */ = {isa = PBXFileReference; lastKnownFileType = sourcecode.c.h; path = AppDelegate.h; sourceTree = "<group>"; };
		AC8AE27418E523FC003D4B27 /* AppDelegate.m */ = {isa = PBXFileReference; lastKnownFileType = sourcecode.c.objc; path = AppDelegate.m; sourceTree = "<group>"; };
		AC8AE27618E523FC003D4B27 /* Images.xcassets */ = {isa = PBXFileReference; lastKnownFileType = folder.assetcatalog; path = Images.xcassets; sourceTree = "<group>"; };
		AC8AE27C18E523FC003D4B27 /* blabberTests.xctest */ = {isa = PBXFileReference; explicitFileType = wrapper.cfbundle; includeInIndex = 0; path = blabberTests.xctest; sourceTree = BUILT_PRODUCTS_DIR; };
		AC8AE27D18E523FC003D4B27 /* XCTest.framework */ = {isa = PBXFileReference; lastKnownFileType = wrapper.framework; name = XCTest.framework; path = Library/Frameworks/XCTest.framework; sourceTree = DEVELOPER_DIR; };
		AC8AE28518E523FC003D4B27 /* blabberTests-Info.plist */ = {isa = PBXFileReference; lastKnownFileType = text.plist.xml; path = "blabberTests-Info.plist"; sourceTree = "<group>"; };
		AC8AE28718E523FC003D4B27 /* en */ = {isa = PBXFileReference; lastKnownFileType = text.plist.strings; name = en; path = en.lproj/InfoPlist.strings; sourceTree = "<group>"; };
		AC8AE28918E523FC003D4B27 /* blabberTests.m */ = {isa = PBXFileReference; lastKnownFileType = sourcecode.c.objc; path = blabberTests.m; sourceTree = "<group>"; };
		EF65C2716A344734912636B2 /* libPods.a */ = {isa = PBXFileReference; explicitFileType = archive.ar; includeInIndex = 0; path = libPods.a; sourceTree = BUILT_PRODUCTS_DIR; };
/* End PBXFileReference section */

/* Begin PBXFrameworksBuildPhase section */
		AC8AE25E18E523FC003D4B27 /* Frameworks */ = {
			isa = PBXFrameworksBuildPhase;
			buildActionMask = 2147483647;
			files = (
				AC8AE26718E523FC003D4B27 /* CoreGraphics.framework in Frameworks */,
				AC8AE26918E523FC003D4B27 /* UIKit.framework in Frameworks */,
				AC8AE26518E523FC003D4B27 /* Foundation.framework in Frameworks */,
				EA34BC13095D494F9AEB674D /* libPods.a in Frameworks */,
			);
			runOnlyForDeploymentPostprocessing = 0;
		};
		AC8AE27918E523FC003D4B27 /* Frameworks */ = {
			isa = PBXFrameworksBuildPhase;
			buildActionMask = 2147483647;
			files = (
				AC8AE27E18E523FC003D4B27 /* XCTest.framework in Frameworks */,
				AC8AE28018E523FC003D4B27 /* UIKit.framework in Frameworks */,
				AC8AE27F18E523FC003D4B27 /* Foundation.framework in Frameworks */,
			);
			runOnlyForDeploymentPostprocessing = 0;
		};
/* End PBXFrameworksBuildPhase section */

/* Begin PBXGroup section */
		AC8AE25818E523FC003D4B27 = {
			isa = PBXGroup;
			children = (
				AC77BFE118E66D880003EA8C /* TwitterClient.h */,
				AC77BFE218E66D880003EA8C /* TwitterClient.m */,
				AC8AE26A18E523FC003D4B27 /* blabber */,
				AC8AE28318E523FC003D4B27 /* blabberTests */,
				AC8AE26318E523FC003D4B27 /* Frameworks */,
				AC8AE26218E523FC003D4B27 /* Products */,
				7C9D6B4250DE412299BA7AA6 /* Pods.xcconfig */,
			);
			sourceTree = "<group>";
		};
		AC8AE26218E523FC003D4B27 /* Products */ = {
			isa = PBXGroup;
			children = (
				AC8AE26118E523FC003D4B27 /* blabber.app */,
				AC8AE27C18E523FC003D4B27 /* blabberTests.xctest */,
			);
			name = Products;
			sourceTree = "<group>";
		};
		AC8AE26318E523FC003D4B27 /* Frameworks */ = {
			isa = PBXGroup;
			children = (
				AC8AE26418E523FC003D4B27 /* Foundation.framework */,
				AC8AE26618E523FC003D4B27 /* CoreGraphics.framework */,
				AC8AE26818E523FC003D4B27 /* UIKit.framework */,
				AC8AE27D18E523FC003D4B27 /* XCTest.framework */,
				EF65C2716A344734912636B2 /* libPods.a */,
			);
			name = Frameworks;
			sourceTree = "<group>";
		};
		AC8AE26A18E523FC003D4B27 /* blabber */ = {
			isa = PBXGroup;
			children = (
				AC8AE27318E523FC003D4B27 /* AppDelegate.h */,
				AC8AE27418E523FC003D4B27 /* AppDelegate.m */,
				AC8AE27618E523FC003D4B27 /* Images.xcassets */,
				AC8AE26B18E523FC003D4B27 /* Supporting Files */,
				AC77BFE418E66ED70003EA8C /* LoginViewController.h */,
				AC77BFE518E66ED70003EA8C /* LoginViewController.m */,
				AC77BFE618E66ED70003EA8C /* LoginViewController.xib */,
			);
			path = blabber;
			sourceTree = "<group>";
		};
		AC8AE26B18E523FC003D4B27 /* Supporting Files */ = {
			isa = PBXGroup;
			children = (
				AC8AE26C18E523FC003D4B27 /* blabber-Info.plist */,
				AC8AE26D18E523FC003D4B27 /* InfoPlist.strings */,
				AC8AE27018E523FC003D4B27 /* main.m */,
				AC8AE27218E523FC003D4B27 /* blabber-Prefix.pch */,
			);
			name = "Supporting Files";
			sourceTree = "<group>";
		};
		AC8AE28318E523FC003D4B27 /* blabberTests */ = {
			isa = PBXGroup;
			children = (
				AC8AE28918E523FC003D4B27 /* blabberTests.m */,
				AC8AE28418E523FC003D4B27 /* Supporting Files */,
			);
			path = blabberTests;
			sourceTree = "<group>";
		};
		AC8AE28418E523FC003D4B27 /* Supporting Files */ = {
			isa = PBXGroup;
			children = (
				AC8AE28518E523FC003D4B27 /* blabberTests-Info.plist */,
				AC8AE28618E523FC003D4B27 /* InfoPlist.strings */,
			);
			name = "Supporting Files";
			sourceTree = "<group>";
		};
/* End PBXGroup section */

/* Begin PBXNativeTarget section */
		AC8AE26018E523FC003D4B27 /* blabber */ = {
			isa = PBXNativeTarget;
			buildConfigurationList = AC8AE28D18E523FC003D4B27 /* Build configuration list for PBXNativeTarget "blabber" */;
			buildPhases = (
				DA4454388B134F64A9CD2962 /* Check Pods Manifest.lock */,
				AC8AE25D18E523FC003D4B27 /* Sources */,
				AC8AE25E18E523FC003D4B27 /* Frameworks */,
				AC8AE25F18E523FC003D4B27 /* Resources */,
				9CF4AA1DC893457C86FE5C7C /* Copy Pods Resources */,
			);
			buildRules = (
			);
			dependencies = (
			);
			name = blabber;
			productName = blabber;
			productReference = AC8AE26118E523FC003D4B27 /* blabber.app */;
			productType = "com.apple.product-type.application";
		};
		AC8AE27B18E523FC003D4B27 /* blabberTests */ = {
			isa = PBXNativeTarget;
			buildConfigurationList = AC8AE29018E523FC003D4B27 /* Build configuration list for PBXNativeTarget "blabberTests" */;
			buildPhases = (
				AC8AE27818E523FC003D4B27 /* Sources */,
				AC8AE27918E523FC003D4B27 /* Frameworks */,
				AC8AE27A18E523FC003D4B27 /* Resources */,
			);
			buildRules = (
			);
			dependencies = (
				AC8AE28218E523FC003D4B27 /* PBXTargetDependency */,
			);
			name = blabberTests;
			productName = blabberTests;
			productReference = AC8AE27C18E523FC003D4B27 /* blabberTests.xctest */;
			productType = "com.apple.product-type.bundle.unit-test";
		};
/* End PBXNativeTarget section */

/* Begin PBXProject section */
		AC8AE25918E523FC003D4B27 /* Project object */ = {
			isa = PBXProject;
			attributes = {
				LastUpgradeCheck = 0510;
				ORGANIZATIONNAME = "Little Cat Labs";
				TargetAttributes = {
					AC8AE27B18E523FC003D4B27 = {
						TestTargetID = AC8AE26018E523FC003D4B27;
					};
				};
			};
			buildConfigurationList = AC8AE25C18E523FC003D4B27 /* Build configuration list for PBXProject "blabber" */;
			compatibilityVersion = "Xcode 3.2";
			developmentRegion = English;
			hasScannedForEncodings = 0;
			knownRegions = (
				en,
			);
			mainGroup = AC8AE25818E523FC003D4B27;
			productRefGroup = AC8AE26218E523FC003D4B27 /* Products */;
			projectDirPath = "";
			projectRoot = "";
			targets = (
				AC8AE26018E523FC003D4B27 /* blabber */,
				AC8AE27B18E523FC003D4B27 /* blabberTests */,
			);
		};
/* End PBXProject section */

/* Begin PBXResourcesBuildPhase section */
		AC8AE25F18E523FC003D4B27 /* Resources */ = {
			isa = PBXResourcesBuildPhase;
			buildActionMask = 2147483647;
			files = (
				AC8AE26F18E523FC003D4B27 /* InfoPlist.strings in Resources */,
				AC8AE27718E523FC003D4B27 /* Images.xcassets in Resources */,
				AC77BFE818E66ED70003EA8C /* LoginViewController.xib in Resources */,
			);
			runOnlyForDeploymentPostprocessing = 0;
		};
		AC8AE27A18E523FC003D4B27 /* Resources */ = {
			isa = PBXResourcesBuildPhase;
			buildActionMask = 2147483647;
			files = (
				AC8AE28818E523FC003D4B27 /* InfoPlist.strings in Resources */,
			);
			runOnlyForDeploymentPostprocessing = 0;
		};
/* End PBXResourcesBuildPhase section */

/* Begin PBXShellScriptBuildPhase section */
		9CF4AA1DC893457C86FE5C7C /* Copy Pods Resources */ = {
			isa = PBXShellScriptBuildPhase;
			buildActionMask = 2147483647;
			files = (
			);
			inputPaths = (
			);
			name = "Copy Pods Resources";
			outputPaths = (
			);
			runOnlyForDeploymentPostprocessing = 0;
			shellPath = /bin/sh;
			shellScript = "\"${SRCROOT}/Pods/Pods-resources.sh\"\n";
			showEnvVarsInLog = 0;
		};
		DA4454388B134F64A9CD2962 /* Check Pods Manifest.lock */ = {
			isa = PBXShellScriptBuildPhase;
			buildActionMask = 2147483647;
			files = (
			);
			inputPaths = (
			);
			name = "Check Pods Manifest.lock";
			outputPaths = (
			);
			runOnlyForDeploymentPostprocessing = 0;
			shellPath = /bin/sh;
			shellScript = "diff \"${PODS_ROOT}/../Podfile.lock\" \"${PODS_ROOT}/Manifest.lock\" > /dev/null\nif [[ $? != 0 ]] ; then\n    cat << EOM\nerror: The sandbox is not in sync with the Podfile.lock. Run 'pod install' or update your CocoaPods installation.\nEOM\n    exit 1\nfi\n";
			showEnvVarsInLog = 0;
		};
/* End PBXShellScriptBuildPhase section */

/* Begin PBXSourcesBuildPhase section */
		AC8AE25D18E523FC003D4B27 /* Sources */ = {
			isa = PBXSourcesBuildPhase;
			buildActionMask = 2147483647;
			files = (
				AC77BFE718E66ED70003EA8C /* LoginViewController.m in Sources */,
				AC8AE27518E523FC003D4B27 /* AppDelegate.m in Sources */,
				AC77BFE318E66D880003EA8C /* TwitterClient.m in Sources */,
				AC8AE27118E523FC003D4B27 /* main.m in Sources */,
			);
			runOnlyForDeploymentPostprocessing = 0;
		};
		AC8AE27818E523FC003D4B27 /* Sources */ = {
			isa = PBXSourcesBuildPhase;
			buildActionMask = 2147483647;
			files = (
				AC8AE28A18E523FC003D4B27 /* blabberTests.m in Sources */,
			);
			runOnlyForDeploymentPostprocessing = 0;
		};
/* End PBXSourcesBuildPhase section */

/* Begin PBXTargetDependency section */
		AC8AE28218E523FC003D4B27 /* PBXTargetDependency */ = {
			isa = PBXTargetDependency;
			target = AC8AE26018E523FC003D4B27 /* blabber */;
			targetProxy = AC8AE28118E523FC003D4B27 /* PBXContainerItemProxy */;
		};
/* End PBXTargetDependency section */

/* Begin PBXVariantGroup section */
		AC8AE26D18E523FC003D4B27 /* InfoPlist.strings */ = {
			isa = PBXVariantGroup;
			children = (
				AC8AE26E18E523FC003D4B27 /* en */,
			);
			name = InfoPlist.strings;
			sourceTree = "<group>";
		};
		AC8AE28618E523FC003D4B27 /* InfoPlist.strings */ = {
			isa = PBXVariantGroup;
			children = (
				AC8AE28718E523FC003D4B27 /* en */,
			);
			name = InfoPlist.strings;
			sourceTree = "<group>";
		};
/* End PBXVariantGroup section */

/* Begin XCBuildConfiguration section */
		AC8AE28B18E523FC003D4B27 /* Debug */ = {
			isa = XCBuildConfiguration;
			buildSettings = {
				ALWAYS_SEARCH_USER_PATHS = NO;
				CLANG_CXX_LANGUAGE_STANDARD = "gnu++0x";
				CLANG_CXX_LIBRARY = "libc++";
				CLANG_ENABLE_MODULES = YES;
				CLANG_ENABLE_OBJC_ARC = YES;
				CLANG_WARN_BOOL_CONVERSION = YES;
				CLANG_WARN_CONSTANT_CONVERSION = YES;
				CLANG_WARN_DIRECT_OBJC_ISA_USAGE = YES_ERROR;
				CLANG_WARN_EMPTY_BODY = YES;
				CLANG_WARN_ENUM_CONVERSION = YES;
				CLANG_WARN_INT_CONVERSION = YES;
				CLANG_WARN_OBJC_ROOT_CLASS = YES_ERROR;
				CLANG_WARN__DUPLICATE_METHOD_MATCH = YES;
				"CODE_SIGN_IDENTITY[sdk=iphoneos*]" = "iPhone Developer";
				COPY_PHASE_STRIP = NO;
				GCC_C_LANGUAGE_STANDARD = gnu99;
				GCC_DYNAMIC_NO_PIC = NO;
				GCC_OPTIMIZATION_LEVEL = 0;
				GCC_PREPROCESSOR_DEFINITIONS = (
					"DEBUG=1",
					"$(inherited)",
				);
				GCC_SYMBOLS_PRIVATE_EXTERN = NO;
				GCC_WARN_64_TO_32_BIT_CONVERSION = YES;
				GCC_WARN_ABOUT_RETURN_TYPE = YES_ERROR;
				GCC_WARN_UNDECLARED_SELECTOR = YES;
				GCC_WARN_UNINITIALIZED_AUTOS = YES_AGGRESSIVE;
				GCC_WARN_UNUSED_FUNCTION = YES;
				GCC_WARN_UNUSED_VARIABLE = YES;
				IPHONEOS_DEPLOYMENT_TARGET = 7.1;
				ONLY_ACTIVE_ARCH = YES;
				SDKROOT = iphoneos;
			};
			name = Debug;
		};
		AC8AE28C18E523FC003D4B27 /* Release */ = {
			isa = XCBuildConfiguration;
			buildSettings = {
				ALWAYS_SEARCH_USER_PATHS = NO;
				CLANG_CXX_LANGUAGE_STANDARD = "gnu++0x";
				CLANG_CXX_LIBRARY = "libc++";
				CLANG_ENABLE_MODULES = YES;
				CLANG_ENABLE_OBJC_ARC = YES;
				CLANG_WARN_BOOL_CONVERSION = YES;
				CLANG_WARN_CONSTANT_CONVERSION = YES;
				CLANG_WARN_DIRECT_OBJC_ISA_USAGE = YES_ERROR;
				CLANG_WARN_EMPTY_BODY = YES;
				CLANG_WARN_ENUM_CONVERSION = YES;
				CLANG_WARN_INT_CONVERSION = YES;
				CLANG_WARN_OBJC_ROOT_CLASS = YES_ERROR;
				CLANG_WARN__DUPLICATE_METHOD_MATCH = YES;
				"CODE_SIGN_IDENTITY[sdk=iphoneos*]" = "iPhone Developer";
				COPY_PHASE_STRIP = YES;
				ENABLE_NS_ASSERTIONS = NO;
				GCC_C_LANGUAGE_STANDARD = gnu99;
				GCC_WARN_64_TO_32_BIT_CONVERSION = YES;
				GCC_WARN_ABOUT_RETURN_TYPE = YES_ERROR;
				GCC_WARN_UNDECLARED_SELECTOR = YES;
				GCC_WARN_UNINITIALIZED_AUTOS = YES_AGGRESSIVE;
				GCC_WARN_UNUSED_FUNCTION = YES;
				GCC_WARN_UNUSED_VARIABLE = YES;
				IPHONEOS_DEPLOYMENT_TARGET = 7.1;
				SDKROOT = iphoneos;
				VALIDATE_PRODUCT = YES;
			};
			name = Release;
		};
		AC8AE28E18E523FC003D4B27 /* Debug */ = {
			isa = XCBuildConfiguration;
			baseConfigurationReference = 7C9D6B4250DE412299BA7AA6 /* Pods.xcconfig */;
			buildSettings = {
				ASSETCATALOG_COMPILER_APPICON_NAME = AppIcon;
				ASSETCATALOG_COMPILER_LAUNCHIMAGE_NAME = LaunchImage;
				GCC_PRECOMPILE_PREFIX_HEADER = YES;
				GCC_PREFIX_HEADER = "blabber/blabber-Prefix.pch";
				INFOPLIST_FILE = "blabber/blabber-Info.plist";
				PRODUCT_NAME = "$(TARGET_NAME)";
				WRAPPER_EXTENSION = app;
			};
			name = Debug;
		};
		AC8AE28F18E523FC003D4B27 /* Release */ = {
			isa = XCBuildConfiguration;
			baseConfigurationReference = 7C9D6B4250DE412299BA7AA6 /* Pods.xcconfig */;
			buildSettings = {
				ASSETCATALOG_COMPILER_APPICON_NAME = AppIcon;
				ASSETCATALOG_COMPILER_LAUNCHIMAGE_NAME = LaunchImage;
				GCC_PRECOMPILE_PREFIX_HEADER = YES;
				GCC_PREFIX_HEADER = "blabber/blabber-Prefix.pch";
				INFOPLIST_FILE = "blabber/blabber-Info.plist";
				PRODUCT_NAME = "$(TARGET_NAME)";
				WRAPPER_EXTENSION = app;
			};
			name = Release;
		};
		AC8AE29118E523FC003D4B27 /* Debug */ = {
			isa = XCBuildConfiguration;
			buildSettings = {
				BUNDLE_LOADER = "$(BUILT_PRODUCTS_DIR)/blabber.app/blabber";
				FRAMEWORK_SEARCH_PATHS = (
					"$(SDKROOT)/Developer/Library/Frameworks",
					"$(inherited)",
					"$(DEVELOPER_FRAMEWORKS_DIR)",
				);
				GCC_PRECOMPILE_PREFIX_HEADER = YES;
				GCC_PREFIX_HEADER = "blabber/blabber-Prefix.pch";
				GCC_PREPROCESSOR_DEFINITIONS = (
					"DEBUG=1",
					"$(inherited)",
				);
				INFOPLIST_FILE = "blabberTests/blabberTests-Info.plist";
				PRODUCT_NAME = "$(TARGET_NAME)";
				TEST_HOST = "$(BUNDLE_LOADER)";
				WRAPPER_EXTENSION = xctest;
			};
			name = Debug;
		};
		AC8AE29218E523FC003D4B27 /* Release */ = {
			isa = XCBuildConfiguration;
			buildSettings = {
				BUNDLE_LOADER = "$(BUILT_PRODUCTS_DIR)/blabber.app/blabber";
				FRAMEWORK_SEARCH_PATHS = (
					"$(SDKROOT)/Developer/Library/Frameworks",
					"$(inherited)",
					"$(DEVELOPER_FRAMEWORKS_DIR)",
				);
				GCC_PRECOMPILE_PREFIX_HEADER = YES;
				GCC_PREFIX_HEADER = "blabber/blabber-Prefix.pch";
				INFOPLIST_FILE = "blabberTests/blabberTests-Info.plist";
				PRODUCT_NAME = "$(TARGET_NAME)";
				TEST_HOST = "$(BUNDLE_LOADER)";
				WRAPPER_EXTENSION = xctest;
			};
			name = Release;
		};
/* End XCBuildConfiguration section */

/* Begin XCConfigurationList section */
		AC8AE25C18E523FC003D4B27 /* Build configuration list for PBXProject "blabber" */ = {
			isa = XCConfigurationList;
			buildConfigurations = (
				AC8AE28B18E523FC003D4B27 /* Debug */,
				AC8AE28C18E523FC003D4B27 /* Release */,
			);
			defaultConfigurationIsVisible = 0;
			defaultConfigurationName = Release;
		};
		AC8AE28D18E523FC003D4B27 /* Build configuration list for PBXNativeTarget "blabber" */ = {
			isa = XCConfigurationList;
			buildConfigurations = (
				AC8AE28E18E523FC003D4B27 /* Debug */,
				AC8AE28F18E523FC003D4B27 /* Release */,
			);
			defaultConfigurationIsVisible = 0;
			defaultConfigurationName = Release;
		};
		AC8AE29018E523FC003D4B27 /* Build configuration list for PBXNativeTarget "blabberTests" */ = {
			isa = XCConfigurationList;
			buildConfigurations = (
				AC8AE29118E523FC003D4B27 /* Debug */,
				AC8AE29218E523FC003D4B27 /* Release */,
			);
			defaultConfigurationIsVisible = 0;
			defaultConfigurationName = Release;
		};
/* End XCConfigurationList section */
	};
	rootObject = AC8AE25918E523FC003D4B27 /* Project object */;
}
